{
  "name": "fearless",
  "version": "1.0.0",
  "lockfileVersion": 3,
  "requires": true,
  "packages": {
    "": {
      "name": "fearless",
      "version": "1.0.0",
      "license": "ISC",
      "dependencies": {
        "uWebSockets.js": "github:uNetworking/uWebSockets.js#v20.51.0"
      }
    },
    "node_modules/uWebSockets.js": {
      "version": "20.51.0",
      "resolved": "git+ssh://git@github.com/uNetworking/uWebSockets.js.git#6609a88ffa9a16ac5158046761356ce03250a0df",
      "license": "Apache-2.0"
    }
  }
}
